
Microsoft Visual Studio Solution File, Format Version 12.00
# Visual Studio 15
VisualStudioVersion = 15.0.27130.2026
MinimumVisualStudioVersion = 10.0.40219.1
Project("{9A19103F-16F7-4668-BE54-9A1E7A4F7556}") = "Autyan.NiChiJou.Core", "src\Autyan.NiChiJou.Core\Autyan.NiChiJou.Core.csproj", "{74B663F2-9DB9-4509-A25B-1DF0CF117F15}"
EndProject
Project("{2150E333-8FDC-42A3-9474-1A3956D46DE8}") = "0.Core", "0.Core", "{B3C0C2D3-2D7E-4B8F-BC76-9A89F72A6927}"
EndProject
Project("{2150E333-8FDC-42A3-9474-1A3956D46DE8}") = "1.Data", "1.Data", "{31861046-C442-4C1C-B2CE-DC71816E0507}"
EndProject
Project("{00D1A9C2-B5F0-4AF3-8072-F6C62B433612}") = "Autyan.NiChiJou.Database", "src\Autyan.NiChiJou.Database\Autyan.NiChiJou.Database.sqlproj", "{16130168-3962-4A49-8D9F-6C826844648D}"
EndProject
Project("{9A19103F-16F7-4668-BE54-9A1E7A4F7556}") = "Autyan.NiChiJou.Model", "src\Autyan.NiChiJou.Model\Autyan.NiChiJou.Model.csproj", "{5C7DBF70-7E14-4E81-ADB5-76929C4351A5}"
EndProject
Project("{9A19103F-16F7-4668-BE54-9A1E7A4F7556}") = "Autyan.NiChiJou.Repository.Dapper", "src\Autyan.NiChiJou.Repository.Dapper\Autyan.NiChiJou.Repository.Dapper.csproj", "{07484EE2-429C-438B-85B8-D7AE07B412D6}"
EndProject
Project("{2150E333-8FDC-42A3-9474-1A3956D46DE8}") = "2.Business", "2.Business", "{20753C4F-60B6-474F-A867-1F8D1F937CCD}"
EndProject
Project("{2150E333-8FDC-42A3-9474-1A3956D46DE8}") = "3.Api", "3.Api", "{55C86EE4-5501-485E-BB74-8C617F6A2077}"
EndProject
Project("{2150E333-8FDC-42A3-9474-1A3956D46DE8}") = "5.UI", "5.UI", "{7F995D7C-D748-4D1A-930D-3661FC4C88A0}"
EndProject
Project("{2150E333-8FDC-42A3-9474-1A3956D46DE8}") = "4.Schedule", "4.Schedule", "{D8860A29-4ACA-4DB0-A1B2-831C4CD48CD6}"
EndProject
Project("{9A19103F-16F7-4668-BE54-9A1E7A4F7556}") = "Autyan.NiChiJou.Blog", "src\Autyan.NiChiJou.Blog\Autyan.NiChiJou.Blog.csproj", "{466B3858-DCFA-49D1-9038-6B383AA359D0}"
EndProject
Project("{9A19103F-16F7-4668-BE54-9A1E7A4F7556}") = "Autyan.NiChiJou.IdentityServer", "src\Autyan.NiChiJou.IdentityServer\Autyan.NiChiJou.IdentityServer.csproj", "{6B8558A9-A7DA-4F2D-A17A-CF3D7D5F204C}"
EndProject
Project("{2150E333-8FDC-42A3-9474-1A3956D46DE8}") = "9.Test", "9.Test", "{93BB521B-0490-4D29-A0EE-EF3F5BEFA2CB}"
EndProject
Project("{9A19103F-16F7-4668-BE54-9A1E7A4F7556}") = "RepositoryTest", "test\RepositoryTest\RepositoryTest.csproj", "{CB21CB1D-9832-4BFE-81AF-B0120684E1D8}"
EndProject
Project("{9A19103F-16F7-4668-BE54-9A1E7A4F7556}") = "Autyan.NiChiJou.Service.Identity", "src\Autyan.NiChiJou.Service.Identity\Autyan.NiChiJou.Service.Identity.csproj", "{B910274E-D39F-47C5-A650-48620C1EE396}"
EndProject
Project("{9A19103F-16F7-4668-BE54-9A1E7A4F7556}") = "Autyan.NiChiJou.Service", "src\Autyan.NiChiJou.Service\Autyan.NiChiJou.Service.csproj", "{42DB294D-32A0-415F-A684-E5EB5D76EDFA}"
EndProject
Project("{9A19103F-16F7-4668-BE54-9A1E7A4F7556}") = "Autyan.NiChiJou.BusinessModel", "src\Autyan.NiChiJou.BusinessModel\Autyan.NiChiJou.BusinessModel.csproj", "{7CEA33C1-9A4C-485A-AEDC-02F7543A16CB}"
EndProject
Project("{9A19103F-16F7-4668-BE54-9A1E7A4F7556}") = "Autyan.NiChiJou.Repository", "src\Autyan.NiChiJou.Repository\Autyan.NiChiJou.Repository.csproj", "{DF8579C0-A791-47AB-A443-2441533535BB}"
EndProject
Project("{9A19103F-16F7-4668-BE54-9A1E7A4F7556}") = "Autyan.NiChiJou.Core.Mvc", "src\Autyan.NiChiJou.Core.Mvc\Autyan.NiChiJou.Core.Mvc.csproj", "{A3B76498-CD8B-4356-A9B1-4B1A13FC547A}"
EndProject
Project("{FAE04EC0-301F-11D3-BF4B-00C04F79EFBC}") = "Autyan.NiChiJiu.Repository.Redis", "src\Autyan.NiChiJiu.Repository.Redis\Autyan.NiChiJiu.Repository.Redis.csproj", "{A02AFBBD-8CD2-4181-9D60-AE36AFA2149E}"
EndProject
Global
	GlobalSection(SolutionConfigurationPlatforms) = preSolution
		Debug|Any CPU = Debug|Any CPU
		Release|Any CPU = Release|Any CPU
	EndGlobalSection
	GlobalSection(ProjectConfigurationPlatforms) = postSolution
		{74B663F2-9DB9-4509-A25B-1DF0CF117F15}.Debug|Any CPU.ActiveCfg = Debug|Any CPU
		{74B663F2-9DB9-4509-A25B-1DF0CF117F15}.Debug|Any CPU.Build.0 = Debug|Any CPU
		{74B663F2-9DB9-4509-A25B-1DF0CF117F15}.Release|Any CPU.ActiveCfg = Release|Any CPU
		{74B663F2-9DB9-4509-A25B-1DF0CF117F15}.Release|Any CPU.Build.0 = Release|Any CPU
		{16130168-3962-4A49-8D9F-6C826844648D}.Debug|Any CPU.ActiveCfg = Debug|Any CPU
		{16130168-3962-4A49-8D9F-6C826844648D}.Debug|Any CPU.Build.0 = Debug|Any CPU
		{16130168-3962-4A49-8D9F-6C826844648D}.Debug|Any CPU.Deploy.0 = Debug|Any CPU
		{16130168-3962-4A49-8D9F-6C826844648D}.Release|Any CPU.ActiveCfg = Release|Any CPU
		{16130168-3962-4A49-8D9F-6C826844648D}.Release|Any CPU.Build.0 = Release|Any CPU
		{16130168-3962-4A49-8D9F-6C826844648D}.Release|Any CPU.Deploy.0 = Release|Any CPU
		{5C7DBF70-7E14-4E81-ADB5-76929C4351A5}.Debug|Any CPU.ActiveCfg = Debug|Any CPU
		{5C7DBF70-7E14-4E81-ADB5-76929C4351A5}.Debug|Any CPU.Build.0 = Debug|Any CPU
		{5C7DBF70-7E14-4E81-ADB5-76929C4351A5}.Release|Any CPU.ActiveCfg = Release|Any CPU
		{5C7DBF70-7E14-4E81-ADB5-76929C4351A5}.Release|Any CPU.Build.0 = Release|Any CPU
		{07484EE2-429C-438B-85B8-D7AE07B412D6}.Debug|Any CPU.ActiveCfg = Debug|Any CPU
		{07484EE2-429C-438B-85B8-D7AE07B412D6}.Debug|Any CPU.Build.0 = Debug|Any CPU
		{07484EE2-429C-438B-85B8-D7AE07B412D6}.Release|Any CPU.ActiveCfg = Release|Any CPU
		{07484EE2-429C-438B-85B8-D7AE07B412D6}.Release|Any CPU.Build.0 = Release|Any CPU
		{466B3858-DCFA-49D1-9038-6B383AA359D0}.Debug|Any CPU.ActiveCfg = Debug|Any CPU
		{466B3858-DCFA-49D1-9038-6B383AA359D0}.Debug|Any CPU.Build.0 = Debug|Any CPU
		{466B3858-DCFA-49D1-9038-6B383AA359D0}.Release|Any CPU.ActiveCfg = Release|Any CPU
		{466B3858-DCFA-49D1-9038-6B383AA359D0}.Release|Any CPU.Build.0 = Release|Any CPU
		{6B8558A9-A7DA-4F2D-A17A-CF3D7D5F204C}.Debug|Any CPU.ActiveCfg = Debug|Any CPU
		{6B8558A9-A7DA-4F2D-A17A-CF3D7D5F204C}.Debug|Any CPU.Build.0 = Debug|Any CPU
		{6B8558A9-A7DA-4F2D-A17A-CF3D7D5F204C}.Release|Any CPU.ActiveCfg = Release|Any CPU
		{6B8558A9-A7DA-4F2D-A17A-CF3D7D5F204C}.Release|Any CPU.Build.0 = Release|Any CPU
		{CB21CB1D-9832-4BFE-81AF-B0120684E1D8}.Debug|Any CPU.ActiveCfg = Debug|Any CPU
		{CB21CB1D-9832-4BFE-81AF-B0120684E1D8}.Debug|Any CPU.Build.0 = Debug|Any CPU
		{CB21CB1D-9832-4BFE-81AF-B0120684E1D8}.Release|Any CPU.ActiveCfg = Release|Any CPU
		{CB21CB1D-9832-4BFE-81AF-B0120684E1D8}.Release|Any CPU.Build.0 = Release|Any CPU
		{B910274E-D39F-47C5-A650-48620C1EE396}.Debug|Any CPU.ActiveCfg = Debug|Any CPU
		{B910274E-D39F-47C5-A650-48620C1EE396}.Debug|Any CPU.Build.0 = Debug|Any CPU
		{B910274E-D39F-47C5-A650-48620C1EE396}.Release|Any CPU.ActiveCfg = Release|Any CPU
		{B910274E-D39F-47C5-A650-48620C1EE396}.Release|Any CPU.Build.0 = Release|Any CPU
		{42DB294D-32A0-415F-A684-E5EB5D76EDFA}.Debug|Any CPU.ActiveCfg = Debug|Any CPU
		{42DB294D-32A0-415F-A684-E5EB5D76EDFA}.Debug|Any CPU.Build.0 = Debug|Any CPU
		{42DB294D-32A0-415F-A684-E5EB5D76EDFA}.Release|Any CPU.ActiveCfg = Release|Any CPU
		{42DB294D-32A0-415F-A684-E5EB5D76EDFA}.Release|Any CPU.Build.0 = Release|Any CPU
		{7CEA33C1-9A4C-485A-AEDC-02F7543A16CB}.Debug|Any CPU.ActiveCfg = Debug|Any CPU
		{7CEA33C1-9A4C-485A-AEDC-02F7543A16CB}.Debug|Any CPU.Build.0 = Debug|Any CPU
		{7CEA33C1-9A4C-485A-AEDC-02F7543A16CB}.Release|Any CPU.ActiveCfg = Release|Any CPU
		{7CEA33C1-9A4C-485A-AEDC-02F7543A16CB}.Release|Any CPU.Build.0 = Release|Any CPU
		{DF8579C0-A791-47AB-A443-2441533535BB}.Debug|Any CPU.ActiveCfg = Debug|Any CPU
		{DF8579C0-A791-47AB-A443-2441533535BB}.Debug|Any CPU.Build.0 = Debug|Any CPU
		{DF8579C0-A791-47AB-A443-2441533535BB}.Release|Any CPU.ActiveCfg = Release|Any CPU
		{DF8579C0-A791-47AB-A443-2441533535BB}.Release|Any CPU.Build.0 = Release|Any CPU
		{A3B76498-CD8B-4356-A9B1-4B1A13FC547A}.Debug|Any CPU.ActiveCfg = Debug|Any CPU
		{A3B76498-CD8B-4356-A9B1-4B1A13FC547A}.Debug|Any CPU.Build.0 = Debug|Any CPU
		{A3B76498-CD8B-4356-A9B1-4B1A13FC547A}.Release|Any CPU.ActiveCfg = Release|Any CPU
		{A3B76498-CD8B-4356-A9B1-4B1A13FC547A}.Release|Any CPU.Build.0 = Release|Any CPU
		{A02AFBBD-8CD2-4181-9D60-AE36AFA2149E}.Debug|Any CPU.ActiveCfg = Debug|Any CPU
		{A02AFBBD-8CD2-4181-9D60-AE36AFA2149E}.Debug|Any CPU.Build.0 = Debug|Any CPU
		{A02AFBBD-8CD2-4181-9D60-AE36AFA2149E}.Release|Any CPU.ActiveCfg = Release|Any CPU
		{A02AFBBD-8CD2-4181-9D60-AE36AFA2149E}.Release|Any CPU.Build.0 = Release|Any CPU
	EndGlobalSection
	GlobalSection(SolutionProperties) = preSolution
		HideSolutionNode = FALSE
	EndGlobalSection
	GlobalSection(NestedProjects) = preSolution
		{74B663F2-9DB9-4509-A25B-1DF0CF117F15} = {B3C0C2D3-2D7E-4B8F-BC76-9A89F72A6927}
		{16130168-3962-4A49-8D9F-6C826844648D} = {31861046-C442-4C1C-B2CE-DC71816E0507}
		{5C7DBF70-7E14-4E81-ADB5-76929C4351A5} = {31861046-C442-4C1C-B2CE-DC71816E0507}
		{07484EE2-429C-438B-85B8-D7AE07B412D6} = {31861046-C442-4C1C-B2CE-DC71816E0507}
		{466B3858-DCFA-49D1-9038-6B383AA359D0} = {7F995D7C-D748-4D1A-930D-3661FC4C88A0}
		{6B8558A9-A7DA-4F2D-A17A-CF3D7D5F204C} = {55C86EE4-5501-485E-BB74-8C617F6A2077}
		{CB21CB1D-9832-4BFE-81AF-B0120684E1D8} = {93BB521B-0490-4D29-A0EE-EF3F5BEFA2CB}
		{B910274E-D39F-47C5-A650-48620C1EE396} = {20753C4F-60B6-474F-A867-1F8D1F937CCD}
		{42DB294D-32A0-415F-A684-E5EB5D76EDFA} = {20753C4F-60B6-474F-A867-1F8D1F937CCD}
		{7CEA33C1-9A4C-485A-AEDC-02F7543A16CB} = {31861046-C442-4C1C-B2CE-DC71816E0507}
		{DF8579C0-A791-47AB-A443-2441533535BB} = {31861046-C442-4C1C-B2CE-DC71816E0507}
		{A3B76498-CD8B-4356-A9B1-4B1A13FC547A} = {B3C0C2D3-2D7E-4B8F-BC76-9A89F72A6927}
		{A02AFBBD-8CD2-4181-9D60-AE36AFA2149E} = {31861046-C442-4C1C-B2CE-DC71816E0507}
	EndGlobalSection
	GlobalSection(ExtensibilityGlobals) = postSolution
		SolutionGuid = {A8F714C1-1106-4673-AB1C-D928ED8A3E31}
	EndGlobalSection
EndGlobal
